// !$*UTF8*$!
{
	archiveVersion = 1;
	classes = {
	};
	objectVersion = 46;
	objects = {

/* Begin PBXBuildFile section */
		210200F61DE791DC00D1F349 /* FoodAPI.swift in Sources */ = {isa = PBXBuildFile; fileRef = 210200F51DE791DC00D1F349 /* FoodAPI.swift */; };
		210200F81DE792B800D1F349 /* NetworkParameters.swift in Sources */ = {isa = PBXBuildFile; fileRef = 210200F71DE792B800D1F349 /* NetworkParameters.swift */; };
		210200FA1DE7955A00D1F349 /* NetworkKeys.swift in Sources */ = {isa = PBXBuildFile; fileRef = 210200F91DE7955A00D1F349 /* NetworkKeys.swift */; };
		2137A6041DDB91DB00C1FC35 /* UserRating+CoreDataClass.swift in Sources */ = {isa = PBXBuildFile; fileRef = 2137A6001DDB91DB00C1FC35 /* UserRating+CoreDataClass.swift */; };
		2137A6051DDB91DB00C1FC35 /* UserRating+CoreDataProperties.swift in Sources */ = {isa = PBXBuildFile; fileRef = 2137A6011DDB91DB00C1FC35 /* UserRating+CoreDataProperties.swift */; };
		2137A6061DDB91DB00C1FC35 /* Nouille+CoreDataClass.swift in Sources */ = {isa = PBXBuildFile; fileRef = 2137A6021DDB91DB00C1FC35 /* Nouille+CoreDataClass.swift */; };
		2137A6071DDB91DB00C1FC35 /* Nouille+CoreDataProperties.swift in Sources */ = {isa = PBXBuildFile; fileRef = 2137A6031DDB91DB00C1FC35 /* Nouille+CoreDataProperties.swift */; };
		2137A6091DDB945000C1FC35 /* CoreDataStack.swift in Sources */ = {isa = PBXBuildFile; fileRef = 2137A6081DDB945000C1FC35 /* CoreDataStack.swift */; };
		2137A60D1DDB961200C1FC35 /* NouilleDetailVC.swift in Sources */ = {isa = PBXBuildFile; fileRef = 2137A60C1DDB961200C1FC35 /* NouilleDetailVC.swift */; };
		21431A911DE3CE1E000CC37A /* NoodlesStyleKit.swift in Sources */ = {isa = PBXBuildFile; fileRef = 21431A901DE3CE1E000CC37A /* NoodlesStyleKit.swift */; };
		21431A931DE3D3E0000CC37A /* TimerView.swift in Sources */ = {isa = PBXBuildFile; fileRef = 21431A921DE3D3E0000CC37A /* TimerView.swift */; };
		21795F2F1DE33EAB00FAC131 /* Localizable.strings in Resources */ = {isa = PBXBuildFile; fileRef = 21795F311DE33EAB00FAC131 /* Localizable.strings */; };
		21795F341DE3435100FAC131 /* LocalizationUtilities.swift in Sources */ = {isa = PBXBuildFile; fileRef = 21795F331DE3435100FAC131 /* LocalizationUtilities.swift */; };
		21795F361DE358F200FAC131 /* BarCodeVC.swift in Sources */ = {isa = PBXBuildFile; fileRef = 21795F351DE358F200FAC131 /* BarCodeVC.swift */; };
		21795F381DE3896C00FAC131 /* TimerVC.swift in Sources */ = {isa = PBXBuildFile; fileRef = 21795F371DE3896C00FAC131 /* TimerVC.swift */; };
		2185319B1DDCA5060092B335 /* AddNoodleVC.swift in Sources */ = {isa = PBXBuildFile; fileRef = 2185319A1DDCA5060092B335 /* AddNoodleVC.swift */; };
		2198B46A1DDE413B006C88C2 /* TakePictureVC.swift in Sources */ = {isa = PBXBuildFile; fileRef = 2198B4691DDE413B006C88C2 /* TakePictureVC.swift */; };
		21A148D21D6B841800FA52BA /* AppDelegate.swift in Sources */ = {isa = PBXBuildFile; fileRef = 21A148D11D6B841800FA52BA /* AppDelegate.swift */; };
		21A148D71D6B841900FA52BA /* Main.storyboard in Resources */ = {isa = PBXBuildFile; fileRef = 21A148D51D6B841900FA52BA /* Main.storyboard */; };
		21A148D91D6B841900FA52BA /* Assets.xcassets in Resources */ = {isa = PBXBuildFile; fileRef = 21A148D81D6B841900FA52BA /* Assets.xcassets */; };
		21A148DC1D6B841900FA52BA /* LaunchScreen.storyboard in Resources */ = {isa = PBXBuildFile; fileRef = 21A148DA1D6B841900FA52BA /* LaunchScreen.storyboard */; };
		21A148E41D6B84BC00FA52BA /* ListeDeNouillesVC.swift in Sources */ = {isa = PBXBuildFile; fileRef = 21A148E31D6B84BC00FA52BA /* ListeDeNouillesVC.swift */; };
		21D5102B1D6CA21B003CB856 /* Model.xcdatamodeld in Sources */ = {isa = PBXBuildFile; fileRef = 21D510291D6CA21B003CB856 /* Model.xcdatamodeld */; };
/* End PBXBuildFile section */

/* Begin PBXFileReference section */
		210200F51DE791DC00D1F349 /* FoodAPI.swift */ = {isa = PBXFileReference; fileEncoding = 4; lastKnownFileType = sourcecode.swift; path = FoodAPI.swift; sourceTree = "<group>"; };
		210200F71DE792B800D1F349 /* NetworkParameters.swift */ = {isa = PBXFileReference; fileEncoding = 4; lastKnownFileType = sourcecode.swift; path = NetworkParameters.swift; sourceTree = "<group>"; };
		210200F91DE7955A00D1F349 /* NetworkKeys.swift */ = {isa = PBXFileReference; fileEncoding = 4; lastKnownFileType = sourcecode.swift; path = NetworkKeys.swift; sourceTree = "<group>"; };
		2137A6001DDB91DB00C1FC35 /* UserRating+CoreDataClass.swift */ = {isa = PBXFileReference; fileEncoding = 4; lastKnownFileType = sourcecode.swift; path = "UserRating+CoreDataClass.swift"; sourceTree = "<group>"; };
		2137A6011DDB91DB00C1FC35 /* UserRating+CoreDataProperties.swift */ = {isa = PBXFileReference; fileEncoding = 4; lastKnownFileType = sourcecode.swift; path = "UserRating+CoreDataProperties.swift"; sourceTree = "<group>"; };
		2137A6021DDB91DB00C1FC35 /* Nouille+CoreDataClass.swift */ = {isa = PBXFileReference; fileEncoding = 4; lastKnownFileType = sourcecode.swift; path = "Nouille+CoreDataClass.swift"; sourceTree = "<group>"; };
		2137A6031DDB91DB00C1FC35 /* Nouille+CoreDataProperties.swift */ = {isa = PBXFileReference; fileEncoding = 4; lastKnownFileType = sourcecode.swift; path = "Nouille+CoreDataProperties.swift"; sourceTree = "<group>"; };
		2137A6081DDB945000C1FC35 /* CoreDataStack.swift */ = {isa = PBXFileReference; fileEncoding = 4; lastKnownFileType = sourcecode.swift; path = CoreDataStack.swift; sourceTree = "<group>"; };
		2137A60C1DDB961200C1FC35 /* NouilleDetailVC.swift */ = {isa = PBXFileReference; fileEncoding = 4; lastKnownFileType = sourcecode.swift; path = NouilleDetailVC.swift; sourceTree = "<group>"; };
		21431A901DE3CE1E000CC37A /* NoodlesStyleKit.swift */ = {isa = PBXFileReference; fileEncoding = 4; lastKnownFileType = sourcecode.swift; path = NoodlesStyleKit.swift; sourceTree = "<group>"; };
		21431A921DE3D3E0000CC37A /* TimerView.swift */ = {isa = PBXFileReference; fileEncoding = 4; lastKnownFileType = sourcecode.swift; path = TimerView.swift; sourceTree = "<group>"; };
		21795F2D1DE339E800FAC131 /* fr */ = {isa = PBXFileReference; lastKnownFileType = text.plist.strings; name = fr; path = fr.lproj/Main.strings; sourceTree = "<group>"; };
		21795F2E1DE339E900FAC131 /* fr */ = {isa = PBXFileReference; lastKnownFileType = text.plist.strings; name = fr; path = fr.lproj/LaunchScreen.strings; sourceTree = "<group>"; };
		21795F301DE33EAB00FAC131 /* en */ = {isa = PBXFileReference; lastKnownFileType = text.plist.strings; name = en; path = en.lproj/Localizable.strings; sourceTree = "<group>"; };
		21795F321DE33EC300FAC131 /* fr */ = {isa = PBXFileReference; lastKnownFileType = text.plist.strings; name = fr; path = fr.lproj/Localizable.strings; sourceTree = "<group>"; };
		21795F331DE3435100FAC131 /* LocalizationUtilities.swift */ = {isa = PBXFileReference; fileEncoding = 4; lastKnownFileType = sourcecode.swift; path = LocalizationUtilities.swift; sourceTree = "<group>"; };
		21795F351DE358F200FAC131 /* BarCodeVC.swift */ = {isa = PBXFileReference; fileEncoding = 4; lastKnownFileType = sourcecode.swift; path = BarCodeVC.swift; sourceTree = "<group>"; };
		21795F371DE3896C00FAC131 /* TimerVC.swift */ = {isa = PBXFileReference; fileEncoding = 4; lastKnownFileType = sourcecode.swift; path = TimerVC.swift; sourceTree = "<group>"; };
		2185319A1DDCA5060092B335 /* AddNoodleVC.swift */ = {isa = PBXFileReference; fileEncoding = 4; lastKnownFileType = sourcecode.swift; path = AddNoodleVC.swift; sourceTree = "<group>"; };
		2198B4691DDE413B006C88C2 /* TakePictureVC.swift */ = {isa = PBXFileReference; fileEncoding = 4; lastKnownFileType = sourcecode.swift; path = TakePictureVC.swift; sourceTree = "<group>"; };
		21A148CE1D6B841800FA52BA /* Nouilles.app */ = {isa = PBXFileReference; explicitFileType = wrapper.application; includeInIndex = 0; path = Nouilles.app; sourceTree = BUILT_PRODUCTS_DIR; };
		21A148D11D6B841800FA52BA /* AppDelegate.swift */ = {isa = PBXFileReference; lastKnownFileType = sourcecode.swift; path = AppDelegate.swift; sourceTree = "<group>"; };
		21A148D61D6B841900FA52BA /* Base */ = {isa = PBXFileReference; lastKnownFileType = file.storyboard; name = Base; path = Base.lproj/Main.storyboard; sourceTree = "<group>"; };
		21A148D81D6B841900FA52BA /* Assets.xcassets */ = {isa = PBXFileReference; lastKnownFileType = folder.assetcatalog; path = Assets.xcassets; sourceTree = "<group>"; };
		21A148DB1D6B841900FA52BA /* Base */ = {isa = PBXFileReference; lastKnownFileType = file.storyboard; name = Base; path = Base.lproj/LaunchScreen.storyboard; sourceTree = "<group>"; };
		21A148DD1D6B841900FA52BA /* Info.plist */ = {isa = PBXFileReference; lastKnownFileType = text.plist.xml; path = Info.plist; sourceTree = "<group>"; };
		21A148E31D6B84BC00FA52BA /* ListeDeNouillesVC.swift */ = {isa = PBXFileReference; fileEncoding = 4; lastKnownFileType = sourcecode.swift; path = ListeDeNouillesVC.swift; sourceTree = "<group>"; };
		21D5102A1D6CA21B003CB856 /* Model.xcdatamodel */ = {isa = PBXFileReference; lastKnownFileType = wrapper.xcdatamodel; path = Model.xcdatamodel; sourceTree = "<group>"; };
/* End PBXFileReference section */

/* Begin PBXFrameworksBuildPhase section */
		21A148CB1D6B841700FA52BA /* Frameworks */ = {
			isa = PBXFrameworksBuildPhase;
			buildActionMask = 2147483647;
			files = (
			);
			runOnlyForDeploymentPostprocessing = 0;
		};
/* End PBXFrameworksBuildPhase section */

/* Begin PBXGroup section */
		210200F41DE791BC00D1F349 /* Network */ = {
			isa = PBXGroup;
			children = (
				210200F51DE791DC00D1F349 /* FoodAPI.swift */,
				210200F71DE792B800D1F349 /* NetworkParameters.swift */,
				210200F91DE7955A00D1F349 /* NetworkKeys.swift */,
			);
			name = Network;
			sourceTree = "<group>";
		};
		21431A8F1DE3CDF8000CC37A /* View */ = {
			isa = PBXGroup;
			children = (
				21431A901DE3CE1E000CC37A /* NoodlesStyleKit.swift */,
				21A148D51D6B841900FA52BA /* Main.storyboard */,
				21A148DA1D6B841900FA52BA /* LaunchScreen.storyboard */,
				21431A921DE3D3E0000CC37A /* TimerView.swift */,
			);
			name = View;
			sourceTree = "<group>";
		};
		21795F2A1DE3389D00FAC131 /* Localization */ = {
			isa = PBXGroup;
			children = (
				21795F311DE33EAB00FAC131 /* Localizable.strings */,
				21795F331DE3435100FAC131 /* LocalizationUtilities.swift */,
			);
			name = Localization;
			sourceTree = "<group>";
		};
		218651011DD68089001F5BA2 /* Model */ = {
			isa = PBXGroup;
			children = (
				2137A6001DDB91DB00C1FC35 /* UserRating+CoreDataClass.swift */,
				2137A6011DDB91DB00C1FC35 /* UserRating+CoreDataProperties.swift */,
				2137A6021DDB91DB00C1FC35 /* Nouille+CoreDataClass.swift */,
				2137A6031DDB91DB00C1FC35 /* Nouille+CoreDataProperties.swift */,
				21D510291D6CA21B003CB856 /* Model.xcdatamodeld */,
			);
			name = Model;
			sourceTree = "<group>";
		};
		218651021DD680A1001F5BA2 /* VC */ = {
			isa = PBXGroup;
			children = (
				21A148E31D6B84BC00FA52BA /* ListeDeNouillesVC.swift */,
				2137A60C1DDB961200C1FC35 /* NouilleDetailVC.swift */,
				2185319A1DDCA5060092B335 /* AddNoodleVC.swift */,
				2198B4691DDE413B006C88C2 /* TakePictureVC.swift */,
				21795F351DE358F200FAC131 /* BarCodeVC.swift */,
				21795F371DE3896C00FAC131 /* TimerVC.swift */,
			);
			name = VC;
			sourceTree = "<group>";
		};
		21A148C51D6B841600FA52BA = {
			isa = PBXGroup;
			children = (
				21A148D01D6B841800FA52BA /* Nouilles */,
				21A148CF1D6B841800FA52BA /* Products */,
			);
			sourceTree = "<group>";
		};
		21A148CF1D6B841800FA52BA /* Products */ = {
			isa = PBXGroup;
			children = (
				21A148CE1D6B841800FA52BA /* Nouilles.app */,
			);
			name = Products;
			sourceTree = "<group>";
		};
		21A148D01D6B841800FA52BA /* Nouilles */ = {
			isa = PBXGroup;
			children = (
				210200F41DE791BC00D1F349 /* Network */,
				21431A8F1DE3CDF8000CC37A /* View */,
				21795F2A1DE3389D00FAC131 /* Localization */,
				218651021DD680A1001F5BA2 /* VC */,
				218651011DD68089001F5BA2 /* Model */,
				21A148D11D6B841800FA52BA /* AppDelegate.swift */,
				21A148D81D6B841900FA52BA /* Assets.xcassets */,
				21A148DD1D6B841900FA52BA /* Info.plist */,
				2137A6081DDB945000C1FC35 /* CoreDataStack.swift */,
			);
			path = Nouilles;
			sourceTree = "<group>";
		};
/* End PBXGroup section */

/* Begin PBXNativeTarget section */
		21A148CD1D6B841700FA52BA /* Nouilles */ = {
			isa = PBXNativeTarget;
			buildConfigurationList = 21A148E01D6B841900FA52BA /* Build configuration list for PBXNativeTarget "Nouilles" */;
			buildPhases = (
				21A148CA1D6B841700FA52BA /* Sources */,
				21A148CB1D6B841700FA52BA /* Frameworks */,
				21A148CC1D6B841700FA52BA /* Resources */,
			);
			buildRules = (
			);
			dependencies = (
			);
			name = Nouilles;
			productName = Nouilles;
			productReference = 21A148CE1D6B841800FA52BA /* Nouilles.app */;
			productType = "com.apple.product-type.application";
		};
/* End PBXNativeTarget section */

/* Begin PBXProject section */
		21A148C61D6B841600FA52BA /* Project object */ = {
			isa = PBXProject;
			attributes = {
				LastSwiftUpdateCheck = 0730;
				LastUpgradeCheck = 0810;
				ORGANIZATIONNAME = Hexaedre;
				TargetAttributes = {
					21A148CD1D6B841700FA52BA = {
						CreatedOnToolsVersion = 7.3.1;
						DevelopmentTeam = 7B656Y9UYB;
						LastSwiftMigration = 0810;
					};
				};
			};
			buildConfigurationList = 21A148C91D6B841600FA52BA /* Build configuration list for PBXProject "Nouilles" */;
			compatibilityVersion = "Xcode 3.2";
			developmentRegion = English;
			hasScannedForEncodings = 0;
			knownRegions = (
				en,
				Base,
				fr,
			);
			mainGroup = 21A148C51D6B841600FA52BA;
			productRefGroup = 21A148CF1D6B841800FA52BA /* Products */;
			projectDirPath = "";
			projectRoot = "";
			targets = (
				21A148CD1D6B841700FA52BA /* Nouilles */,
			);
		};
/* End PBXProject section */

/* Begin PBXResourcesBuildPhase section */
		21A148CC1D6B841700FA52BA /* Resources */ = {
			isa = PBXResourcesBuildPhase;
			buildActionMask = 2147483647;
			files = (
				21A148DC1D6B841900FA52BA /* LaunchScreen.storyboard in Resources */,
				21795F2F1DE33EAB00FAC131 /* Localizable.strings in Resources */,
				21A148D91D6B841900FA52BA /* Assets.xcassets in Resources */,
				21A148D71D6B841900FA52BA /* Main.storyboard in Resources */,
			);
			runOnlyForDeploymentPostprocessing = 0;
		};
/* End PBXResourcesBuildPhase section */

/* Begin PBXSourcesBuildPhase section */
		21A148CA1D6B841700FA52BA /* Sources */ = {
			isa = PBXSourcesBuildPhase;
			buildActionMask = 2147483647;
			files = (
				21795F381DE3896C00FAC131 /* TimerVC.swift in Sources */,
				210200F61DE791DC00D1F349 /* FoodAPI.swift in Sources */,
				21A148E41D6B84BC00FA52BA /* ListeDeNouillesVC.swift in Sources */,
				2137A6061DDB91DB00C1FC35 /* Nouille+CoreDataClass.swift in Sources */,
				2137A6051DDB91DB00C1FC35 /* UserRating+CoreDataProperties.swift in Sources */,
				21795F341DE3435100FAC131 /* LocalizationUtilities.swift in Sources */,
				21D5102B1D6CA21B003CB856 /* Model.xcdatamodeld in Sources */,
				21431A931DE3D3E0000CC37A /* TimerView.swift in Sources */,
				2137A6041DDB91DB00C1FC35 /* UserRating+CoreDataClass.swift in Sources */,
				21795F361DE358F200FAC131 /* BarCodeVC.swift in Sources */,
				210200F81DE792B800D1F349 /* NetworkParameters.swift in Sources */,
				21431A911DE3CE1E000CC37A /* NoodlesStyleKit.swift in Sources */,
				210200FA1DE7955A00D1F349 /* NetworkKeys.swift in Sources */,
				2137A6071DDB91DB00C1FC35 /* Nouille+CoreDataProperties.swift in Sources */,
				21A148D21D6B841800FA52BA /* AppDelegate.swift in Sources */,
				2137A6091DDB945000C1FC35 /* CoreDataStack.swift in Sources */,
				2137A60D1DDB961200C1FC35 /* NouilleDetailVC.swift in Sources */,
				2198B46A1DDE413B006C88C2 /* TakePictureVC.swift in Sources */,
				2185319B1DDCA5060092B335 /* AddNoodleVC.swift in Sources */,
			);
			runOnlyForDeploymentPostprocessing = 0;
		};
/* End PBXSourcesBuildPhase section */

/* Begin PBXVariantGroup section */
		21795F311DE33EAB00FAC131 /* Localizable.strings */ = {
			isa = PBXVariantGroup;
			children = (
				21795F301DE33EAB00FAC131 /* en */,
				21795F321DE33EC300FAC131 /* fr */,
			);
			name = Localizable.strings;
			sourceTree = "<group>";
		};
		21A148D51D6B841900FA52BA /* Main.storyboard */ = {
			isa = PBXVariantGroup;
			children = (
				21A148D61D6B841900FA52BA /* Base */,
				21795F2D1DE339E800FAC131 /* fr */,
			);
			name = Main.storyboard;
			sourceTree = "<group>";
		};
		21A148DA1D6B841900FA52BA /* LaunchScreen.storyboard */ = {
			isa = PBXVariantGroup;
			children = (
				21A148DB1D6B841900FA52BA /* Base */,
				21795F2E1DE339E900FAC131 /* fr */,
			);
			name = LaunchScreen.storyboard;
			sourceTree = "<group>";
		};
/* End PBXVariantGroup section */

/* Begin XCBuildConfiguration section */
		21A148DE1D6B841900FA52BA /* Debug */ = {
			isa = XCBuildConfiguration;
			buildSettings = {
				ALWAYS_SEARCH_USER_PATHS = NO;
				CLANG_ANALYZER_LOCALIZABILITY_NONLOCALIZED = YES;
				CLANG_ANALYZER_NONNULL = YES;
				CLANG_CXX_LANGUAGE_STANDARD = "gnu++0x";
				CLANG_CXX_LIBRARY = "libc++";
				CLANG_ENABLE_MODULES = YES;
				CLANG_ENABLE_OBJC_ARC = YES;
				CLANG_WARN_BOOL_CONVERSION = YES;
				CLANG_WARN_CONSTANT_CONVERSION = YES;
				CLANG_WARN_DIRECT_OBJC_ISA_USAGE = YES_ERROR;
				CLANG_WARN_EMPTY_BODY = YES;
				CLANG_WARN_ENUM_CONVERSION = YES;
				CLANG_WARN_INFINITE_RECURSION = YES;
				CLANG_WARN_INT_CONVERSION = YES;
				CLANG_WARN_OBJC_ROOT_CLASS = YES_ERROR;
				CLANG_WARN_SUSPICIOUS_MOVE = YES;
				CLANG_WARN_UNREACHABLE_CODE = YES;
				CLANG_WARN__DUPLICATE_METHOD_MATCH = YES;
				"CODE_SIGN_IDENTITY[sdk=iphoneos*]" = "iPhone Developer";
				COPY_PHASE_STRIP = NO;
				DEBUG_INFORMATION_FORMAT = dwarf;
				ENABLE_STRICT_OBJC_MSGSEND = YES;
				ENABLE_TESTABILITY = YES;
				GCC_C_LANGUAGE_STANDARD = gnu99;
				GCC_DYNAMIC_NO_PIC = NO;
				GCC_NO_COMMON_BLOCKS = YES;
				GCC_OPTIMIZATION_LEVEL = 0;
				GCC_PREPROCESSOR_DEFINITIONS = (
					"DEBUG=1",
					"$(inherited)",
				);
				GCC_WARN_64_TO_32_BIT_CONVERSION = YES;
				GCC_WARN_ABOUT_RETURN_TYPE = YES_ERROR;
				GCC_WARN_UNDECLARED_SELECTOR = YES;
				GCC_WARN_UNINITIALIZED_AUTOS = YES_AGGRESSIVE;
				GCC_WARN_UNUSED_FUNCTION = YES;
				GCC_WARN_UNUSED_VARIABLE = YES;
				IPHONEOS_DEPLOYMENT_TARGET = 10.1;
				MTL_ENABLE_DEBUG_INFO = YES;
				ONLY_ACTIVE_ARCH = YES;
				SDKROOT = iphoneos;
				SWIFT_OPTIMIZATION_LEVEL = "-Onone";
				TARGETED_DEVICE_FAMILY = "1,2";
			};
			name = Debug;
		};
		21A148DF1D6B841900FA52BA /* Release */ = {
			isa = XCBuildConfiguration;
			buildSettings = {
				ALWAYS_SEARCH_USER_PATHS = NO;
				CLANG_ANALYZER_LOCALIZABILITY_NONLOCALIZED = YES;
				CLANG_ANALYZER_NONNULL = YES;
				CLANG_CXX_LANGUAGE_STANDARD = "gnu++0x";
				CLANG_CXX_LIBRARY = "libc++";
				CLANG_ENABLE_MODULES = YES;
				CLANG_ENABLE_OBJC_ARC = YES;
				CLANG_WARN_BOOL_CONVERSION = YES;
				CLANG_WARN_CONSTANT_CONVERSION = YES;
				CLANG_WARN_DIRECT_OBJC_ISA_USAGE = YES_ERROR;
				CLANG_WARN_EMPTY_BODY = YES;
				CLANG_WARN_ENUM_CONVERSION = YES;
				CLANG_WARN_INFINITE_RECURSION = YES;
				CLANG_WARN_INT_CONVERSION = YES;
				CLANG_WARN_OBJC_ROOT_CLASS = YES_ERROR;
				CLANG_WARN_SUSPICIOUS_MOVE = YES;
				CLANG_WARN_UNREACHABLE_CODE = YES;
				CLANG_WARN__DUPLICATE_METHOD_MATCH = YES;
				"CODE_SIGN_IDENTITY[sdk=iphoneos*]" = "iPhone Developer";
				COPY_PHASE_STRIP = NO;
				DEBUG_INFORMATION_FORMAT = "dwarf-with-dsym";
				ENABLE_NS_ASSERTIONS = NO;
				ENABLE_STRICT_OBJC_MSGSEND = YES;
				GCC_C_LANGUAGE_STANDARD = gnu99;
				GCC_NO_COMMON_BLOCKS = YES;
				GCC_WARN_64_TO_32_BIT_CONVERSION = YES;
				GCC_WARN_ABOUT_RETURN_TYPE = YES_ERROR;
				GCC_WARN_UNDECLARED_SELECTOR = YES;
				GCC_WARN_UNINITIALIZED_AUTOS = YES_AGGRESSIVE;
				GCC_WARN_UNUSED_FUNCTION = YES;
				GCC_WARN_UNUSED_VARIABLE = YES;
				IPHONEOS_DEPLOYMENT_TARGET = 10.1;
				MTL_ENABLE_DEBUG_INFO = NO;
				SDKROOT = iphoneos;
				SWIFT_OPTIMIZATION_LEVEL = "-Owholemodule";
				TARGETED_DEVICE_FAMILY = "1,2";
				VALIDATE_PRODUCT = YES;
			};
			name = Release;
		};
		21A148E11D6B841900FA52BA /* Debug */ = {
			isa = XCBuildConfiguration;
			buildSettings = {
				ASSETCATALOG_COMPILER_APPICON_NAME = AppIcon;
				CLANG_ENABLE_MODULES = YES;
				DEVELOPMENT_TEAM = 7B656Y9UYB;
				INFOPLIST_FILE = Nouilles/Info.plist;
				LD_RUNPATH_SEARCH_PATHS = "$(inherited) @executable_path/Frameworks";
				PRODUCT_BUNDLE_IDENTIFIER = com.hexaedre.Nouilles;
				PRODUCT_NAME = "$(TARGET_NAME)";
				SWIFT_OPTIMIZATION_LEVEL = "-Onone";
				SWIFT_VERSION = 3.0;
			};
			name = Debug;
		};
		21A148E21D6B841900FA52BA /* Release */ = {
			isa = XCBuildConfiguration;
			buildSettings = {
				ASSETCATALOG_COMPILER_APPICON_NAME = AppIcon;
				CLANG_ENABLE_MODULES = YES;
				DEVELOPMENT_TEAM = 7B656Y9UYB;
				INFOPLIST_FILE = Nouilles/Info.plist;
				LD_RUNPATH_SEARCH_PATHS = "$(inherited) @executable_path/Frameworks";
				PRODUCT_BUNDLE_IDENTIFIER = com.hexaedre.Nouilles;
				PRODUCT_NAME = "$(TARGET_NAME)";
				SWIFT_VERSION = 3.0;
			};
			name = Release;
		};
/* End XCBuildConfiguration section */

/* Begin XCConfigurationList section */
		21A148C91D6B841600FA52BA /* Build configuration list for PBXProject "Nouilles" */ = {
			isa = XCConfigurationList;
			buildConfigurations = (
				21A148DE1D6B841900FA52BA /* Debug */,
				21A148DF1D6B841900FA52BA /* Release */,
			);
			defaultConfigurationIsVisible = 0;
			defaultConfigurationName = Release;
		};
		21A148E01D6B841900FA52BA /* Build configuration list for PBXNativeTarget "Nouilles" */ = {
			isa = XCConfigurationList;
			buildConfigurations = (
				21A148E11D6B841900FA52BA /* Debug */,
				21A148E21D6B841900FA52BA /* Release */,
			);
			defaultConfigurationIsVisible = 0;
			defaultConfigurationName = Release;
		};
/* End XCConfigurationList section */

/* Begin XCVersionGroup section */
		21D510291D6CA21B003CB856 /* Model.xcdatamodeld */ = {
			isa = XCVersionGroup;
			children = (
				21D5102A1D6CA21B003CB856 /* Model.xcdatamodel */,
			);
			currentVersion = 21D5102A1D6CA21B003CB856 /* Model.xcdatamodel */;
			path = Model.xcdatamodeld;
			sourceTree = "<group>";
			versionGroupType = wrapper.xcdatamodel;
		};
/* End XCVersionGroup section */
	};
	rootObject = 21A148C61D6B841600FA52BA /* Project object */;
}
